// !$*UTF8*$!
{
	archiveVersion = 1;
	classes = {
	};
	objectVersion = 50;
	objects = {

/* Begin PBXBuildFile section */
		3FAF05E420F908230003FA2F /* AppDelegate.swift in Sources */ = {isa = PBXBuildFile; fileRef = 3FAF05E320F908230003FA2F /* AppDelegate.swift */; };
		3FAF05E620F908230003FA2F /* ViewController.swift in Sources */ = {isa = PBXBuildFile; fileRef = 3FAF05E520F908230003FA2F /* ViewController.swift */; };
		3FAF05E920F908230003FA2F /* Main.storyboard in Resources */ = {isa = PBXBuildFile; fileRef = 3FAF05E720F908230003FA2F /* Main.storyboard */; };
		3FAF05EB20F9082A0003FA2F /* Assets.xcassets in Resources */ = {isa = PBXBuildFile; fileRef = 3FAF05EA20F9082A0003FA2F /* Assets.xcassets */; };
		3FAF05EE20F9082A0003FA2F /* LaunchScreen.storyboard in Resources */ = {isa = PBXBuildFile; fileRef = 3FAF05EC20F9082A0003FA2F /* LaunchScreen.storyboard */; };
		3FAF05F620F90B920003FA2F /* AppearanceProvider.swift in Sources */ = {isa = PBXBuildFile; fileRef = 3FAF05F520F90B920003FA2F /* AppearanceProvider.swift */; };
		3FAF05F820F90C0C0003FA2F /* NumberTileGame.swift in Sources */ = {isa = PBXBuildFile; fileRef = 3FAF05F720F90C0C0003FA2F /* NumberTileGame.swift */; };
		3FAF05FA20F90DDD0003FA2F /* GameModel.swift in Sources */ = {isa = PBXBuildFile; fileRef = 3FAF05F920F90DDD0003FA2F /* GameModel.swift */; };
		3FAF05FC20F90E4F0003FA2F /* AuxiliaryModels.swift in Sources */ = {isa = PBXBuildFile; fileRef = 3FAF05FB20F90E4F0003FA2F /* AuxiliaryModels.swift */; };
		3FAF05FE20F90E940003FA2F /* AccessoryViews.swift in Sources */ = {isa = PBXBuildFile; fileRef = 3FAF05FD20F90E940003FA2F /* AccessoryViews.swift */; };
		3FAF060020F90EA50003FA2F /* GameboardView.swift in Sources */ = {isa = PBXBuildFile; fileRef = 3FAF05FF20F90EA50003FA2F /* GameboardView.swift */; };
		3FAF060220F90EB00003FA2F /* TileView.swift in Sources */ = {isa = PBXBuildFile; fileRef = 3FAF060120F90EB00003FA2F /* TileView.swift */; };
/* End PBXBuildFile section */

/* Begin PBXFileReference section */
		3FAF05E020F908230003FA2F /* 2048 Norm.app */ = {isa = PBXFileReference; explicitFileType = wrapper.application; includeInIndex = 0; path = "2048 Norm.app"; sourceTree = BUILT_PRODUCTS_DIR; };
		3FAF05E320F908230003FA2F /* AppDelegate.swift */ = {isa = PBXFileReference; lastKnownFileType = sourcecode.swift; path = AppDelegate.swift; sourceTree = "<group>"; };
		3FAF05E520F908230003FA2F /* ViewController.swift */ = {isa = PBXFileReference; lastKnownFileType = sourcecode.swift; path = ViewController.swift; sourceTree = "<group>"; };
		3FAF05E820F908230003FA2F /* Base */ = {isa = PBXFileReference; lastKnownFileType = file.storyboard; name = Base; path = Base.lproj/Main.storyboard; sourceTree = "<group>"; };
		3FAF05EA20F9082A0003FA2F /* Assets.xcassets */ = {isa = PBXFileReference; lastKnownFileType = folder.assetcatalog; path = Assets.xcassets; sourceTree = "<group>"; };
		3FAF05ED20F9082A0003FA2F /* Base */ = {isa = PBXFileReference; lastKnownFileType = file.storyboard; name = Base; path = Base.lproj/LaunchScreen.storyboard; sourceTree = "<group>"; };
		3FAF05EF20F9082A0003FA2F /* Info.plist */ = {isa = PBXFileReference; lastKnownFileType = text.plist.xml; path = Info.plist; sourceTree = "<group>"; };
		3FAF05F520F90B920003FA2F /* AppearanceProvider.swift */ = {isa = PBXFileReference; lastKnownFileType = sourcecode.swift; path = AppearanceProvider.swift; sourceTree = "<group>"; };
		3FAF05F720F90C0C0003FA2F /* NumberTileGame.swift */ = {isa = PBXFileReference; lastKnownFileType = sourcecode.swift; path = NumberTileGame.swift; sourceTree = "<group>"; };
		3FAF05F920F90DDD0003FA2F /* GameModel.swift */ = {isa = PBXFileReference; lastKnownFileType = sourcecode.swift; path = GameModel.swift; sourceTree = "<group>"; };
		3FAF05FB20F90E4F0003FA2F /* AuxiliaryModels.swift */ = {isa = PBXFileReference; lastKnownFileType = sourcecode.swift; path = AuxiliaryModels.swift; sourceTree = "<group>"; };
		3FAF05FD20F90E940003FA2F /* AccessoryViews.swift */ = {isa = PBXFileReference; lastKnownFileType = sourcecode.swift; path = AccessoryViews.swift; sourceTree = "<group>"; };
		3FAF05FF20F90EA50003FA2F /* GameboardView.swift */ = {isa = PBXFileReference; lastKnownFileType = sourcecode.swift; path = GameboardView.swift; sourceTree = "<group>"; };
		3FAF060120F90EB00003FA2F /* TileView.swift */ = {isa = PBXFileReference; lastKnownFileType = sourcecode.swift; path = TileView.swift; sourceTree = "<group>"; };
/* End PBXFileReference section */

/* Begin PBXFrameworksBuildPhase section */
		3FAF05DD20F908230003FA2F /* Frameworks */ = {
			isa = PBXFrameworksBuildPhase;
			buildActionMask = 2147483647;
			files = (
			);
			runOnlyForDeploymentPostprocessing = 0;
		};
/* End PBXFrameworksBuildPhase section */

/* Begin PBXGroup section */
		3FAF05D720F908230003FA2F = {
			isa = PBXGroup;
			children = (
				3FAF05E220F908230003FA2F /* 2048 Norm */,
				3FAF05E120F908230003FA2F /* Products */,
			);
			sourceTree = "<group>";
		};
		3FAF05E120F908230003FA2F /* Products */ = {
			isa = PBXGroup;
			children = (
				3FAF05E020F908230003FA2F /* 2048 Norm.app */,
			);
			name = Products;
			sourceTree = "<group>";
		};
		3FAF05E220F908230003FA2F /* 2048 Norm */ = {
			isa = PBXGroup;
			children = (
				3FAF05E320F908230003FA2F /* AppDelegate.swift */,
				3FAF05E520F908230003FA2F /* ViewController.swift */,
				3FAF05F520F90B920003FA2F /* AppearanceProvider.swift */,
				3FAF05F720F90C0C0003FA2F /* NumberTileGame.swift */,
				3FAF05E720F908230003FA2F /* Main.storyboard */,
				3FAF060520F90F9B0003FA2F /* Models */,
				3FAF060320F90F840003FA2F /* Views */,
				3FAF05EA20F9082A0003FA2F /* Assets.xcassets */,
				3FAF05EC20F9082A0003FA2F /* LaunchScreen.storyboard */,
				3FAF05EF20F9082A0003FA2F /* Info.plist */,
			);
			path = "2048 Norm";
			sourceTree = "<group>";
		};
		3FAF060320F90F840003FA2F /* Views */ = {
			isa = PBXGroup;
			children = (
				3FAF05FD20F90E940003FA2F /* AccessoryViews.swift */,
				3FAF05FF20F90EA50003FA2F /* GameboardView.swift */,
				3FAF060120F90EB00003FA2F /* TileView.swift */,
			);
			path = Views;
			sourceTree = "<group>";
		};
		3FAF060520F90F9B0003FA2F /* Models */ = {
			isa = PBXGroup;
			children = (
				3FAF05F920F90DDD0003FA2F /* GameModel.swift */,
				3FAF05FB20F90E4F0003FA2F /* AuxiliaryModels.swift */,
			);
			path = Models;
			sourceTree = "<group>";
		};
/* End PBXGroup section */

/* Begin PBXNativeTarget section */
		3FAF05DF20F908230003FA2F /* 2048 Norm */ = {
			isa = PBXNativeTarget;
			buildConfigurationList = 3FAF05F220F9082A0003FA2F /* Build configuration list for PBXNativeTarget "2048 Norm" */;
			buildPhases = (
				3FAF05DC20F908230003FA2F /* Sources */,
				3FAF05DD20F908230003FA2F /* Frameworks */,
				3FAF05DE20F908230003FA2F /* Resources */,
			);
			buildRules = (
			);
			dependencies = (
			);
			name = "2048 Norm";
			productName = "2048 Norm";
			productReference = 3FAF05E020F908230003FA2F /* 2048 Norm.app */;
			productType = "com.apple.product-type.application";
		};
/* End PBXNativeTarget section */

/* Begin PBXProject section */
		3FAF05D820F908230003FA2F /* Project object */ = {
			isa = PBXProject;
			attributes = {
				LastSwiftUpdateCheck = 0940;
				LastUpgradeCheck = 0940;
				ORGANIZATIONNAME = Rwilford;
				TargetAttributes = {
					3FAF05DF20F908230003FA2F = {
						CreatedOnToolsVersion = 9.4.1;
					};
				};
			};
			buildConfigurationList = 3FAF05DB20F908230003FA2F /* Build configuration list for PBXProject "2048 Norm" */;
			compatibilityVersion = "Xcode 9.3";
			developmentRegion = en;
			hasScannedForEncodings = 0;
			knownRegions = (
				en,
				Base,
			);
			mainGroup = 3FAF05D720F908230003FA2F;
			productRefGroup = 3FAF05E120F908230003FA2F /* Products */;
			projectDirPath = "";
			projectRoot = "";
			targets = (
				3FAF05DF20F908230003FA2F /* 2048 Norm */,
			);
		};
/* End PBXProject section */

/* Begin PBXResourcesBuildPhase section */
		3FAF05DE20F908230003FA2F /* Resources */ = {
			isa = PBXResourcesBuildPhase;
			buildActionMask = 2147483647;
			files = (
				3FAF05EE20F9082A0003FA2F /* LaunchScreen.storyboard in Resources */,
				3FAF05EB20F9082A0003FA2F /* Assets.xcassets in Resources */,
				3FAF05E920F908230003FA2F /* Main.storyboard in Resources */,
			);
			runOnlyForDeploymentPostprocessing = 0;
		};
/* End PBXResourcesBuildPhase section */

/* Begin PBXSourcesBuildPhase section */
		3FAF05DC20F908230003FA2F /* Sources */ = {
			isa = PBXSourcesBuildPhase;
			buildActionMask = 2147483647;
			files = (
				3FAF05FA20F90DDD0003FA2F /* GameModel.swift in Sources */,
				3FAF05F820F90C0C0003FA2F /* NumberTileGame.swift in Sources */,
				3FAF05E620F908230003FA2F /* ViewController.swift in Sources */,
				3FAF060020F90EA50003FA2F /* GameboardView.swift in Sources */,
				3FAF060220F90EB00003FA2F /* TileView.swift in Sources */,
				3FAF05E420F908230003FA2F /* AppDelegate.swift in Sources */,
				3FAF05FE20F90E940003FA2F /* AccessoryViews.swift in Sources */,
				3FAF05FC20F90E4F0003FA2F /* AuxiliaryModels.swift in Sources */,
				3FAF05F620F90B920003FA2F /* AppearanceProvider.swift in Sources */,
			);
			runOnlyForDeploymentPostprocessing = 0;
		};
/* End PBXSourcesBuildPhase section */

/* Begin PBXVariantGroup section */
		3FAF05E720F908230003FA2F /* Main.storyboard */ = {
			isa = PBXVariantGroup;
			children = (
				3FAF05E820F908230003FA2F /* Base */,
			);
			name = Main.storyboard;
			sourceTree = "<group>";
		};
		3FAF05EC20F9082A0003FA2F /* LaunchScreen.storyboard */ = {
			isa = PBXVariantGroup;
			children = (
				3FAF05ED20F9082A0003FA2F /* Base */,
			);
			name = LaunchScreen.storyboard;
			sourceTree = "<group>";
		};
/* End PBXVariantGroup section */

/* Begin XCBuildConfiguration section */
		3FAF05F020F9082A0003FA2F /* Debug */ = {
			isa = XCBuildConfiguration;
			buildSettings = {
				ALWAYS_SEARCH_USER_PATHS = NO;
				CLANG_ANALYZER_NONNULL = YES;
				CLANG_ANALYZER_NUMBER_OBJECT_CONVERSION = YES_AGGRESSIVE;
				CLANG_CXX_LANGUAGE_STANDARD = "gnu++14";
				CLANG_CXX_LIBRARY = "libc++";
				CLANG_ENABLE_MODULES = YES;
				CLANG_ENABLE_OBJC_ARC = YES;
				CLANG_ENABLE_OBJC_WEAK = YES;
				CLANG_WARN_BLOCK_CAPTURE_AUTORELEASING = YES;
				CLANG_WARN_BOOL_CONVERSION = YES;
				CLANG_WARN_COMMA = YES;
				CLANG_WARN_CONSTANT_CONVERSION = YES;
				CLANG_WARN_DEPRECATED_OBJC_IMPLEMENTATIONS = YES;
				CLANG_WARN_DIRECT_OBJC_ISA_USAGE = YES_ERROR;
				CLANG_WARN_DOCUMENTATION_COMMENTS = YES;
				CLANG_WARN_EMPTY_BODY = YES;
				CLANG_WARN_ENUM_CONVERSION = YES;
				CLANG_WARN_INFINITE_RECURSION = YES;
				CLANG_WARN_INT_CONVERSION = YES;
				CLANG_WARN_NON_LITERAL_NULL_CONVERSION = YES;
				CLANG_WARN_OBJC_IMPLICIT_RETAIN_SELF = YES;
				CLANG_WARN_OBJC_LITERAL_CONVERSION = YES;
				CLANG_WARN_OBJC_ROOT_CLASS = YES_ERROR;
				CLANG_WARN_RANGE_LOOP_ANALYSIS = YES;
				CLANG_WARN_STRICT_PROTOTYPES = YES;
				CLANG_WARN_SUSPICIOUS_MOVE = YES;
				CLANG_WARN_UNGUARDED_AVAILABILITY = YES_AGGRESSIVE;
				CLANG_WARN_UNREACHABLE_CODE = YES;
				CLANG_WARN__DUPLICATE_METHOD_MATCH = YES;
				CODE_SIGN_IDENTITY = "iPhone Developer";
				COPY_PHASE_STRIP = NO;
				DEBUG_INFORMATION_FORMAT = dwarf;
				ENABLE_STRICT_OBJC_MSGSEND = YES;
				ENABLE_TESTABILITY = YES;
				GCC_C_LANGUAGE_STANDARD = gnu11;
				GCC_DYNAMIC_NO_PIC = NO;
				GCC_NO_COMMON_BLOCKS = YES;
				GCC_OPTIMIZATION_LEVEL = 0;
				GCC_PREPROCESSOR_DEFINITIONS = (
					"DEBUG=1",
					"$(inherited)",
				);
				GCC_WARN_64_TO_32_BIT_CONVERSION = YES;
				GCC_WARN_ABOUT_RETURN_TYPE = YES_ERROR;
				GCC_WARN_UNDECLARED_SELECTOR = YES;
				GCC_WARN_UNINITIALIZED_AUTOS = YES_AGGRESSIVE;
				GCC_WARN_UNUSED_FUNCTION = YES;
				GCC_WARN_UNUSED_VARIABLE = YES;
				IPHONEOS_DEPLOYMENT_TARGET = 11.4;
				MTL_ENABLE_DEBUG_INFO = YES;
				ONLY_ACTIVE_ARCH = YES;
				SDKROOT = iphoneos;
				SWIFT_ACTIVE_COMPILATION_CONDITIONS = DEBUG;
				SWIFT_OPTIMIZATION_LEVEL = "-Onone";
			};
			name = Debug;
		};
		3FAF05F120F9082A0003FA2F /* Release */ = {
			isa = XCBuildConfiguration;
			buildSettings = {
				ALWAYS_SEARCH_USER_PATHS = NO;
				CLANG_ANALYZER_NONNULL = YES;
				CLANG_ANALYZER_NUMBER_OBJECT_CONVERSION = YES_AGGRESSIVE;
				CLANG_CXX_LANGUAGE_STANDARD = "gnu++14";
				CLANG_CXX_LIBRARY = "libc++";
				CLANG_ENABLE_MODULES = YES;
				CLANG_ENABLE_OBJC_ARC = YES;
				CLANG_ENABLE_OBJC_WEAK = YES;
				CLANG_WARN_BLOCK_CAPTURE_AUTORELEASING = YES;
				CLANG_WARN_BOOL_CONVERSION = YES;
				CLANG_WARN_COMMA = YES;
				CLANG_WARN_CONSTANT_CONVERSION = YES;
				CLANG_WARN_DEPRECATED_OBJC_IMPLEMENTATIONS = YES;
				CLANG_WARN_DIRECT_OBJC_ISA_USAGE = YES_ERROR;
				CLANG_WARN_DOCUMENTATION_COMMENTS = YES;
				CLANG_WARN_EMPTY_BODY = YES;
				CLANG_WARN_ENUM_CONVERSION = YES;
				CLANG_WARN_INFINITE_RECURSION = YES;
				CLANG_WARN_INT_CONVERSION = YES;
				CLANG_WARN_NON_LITERAL_NULL_CONVERSION = YES;
				CLANG_WARN_OBJC_IMPLICIT_RETAIN_SELF = YES;
				CLANG_WARN_OBJC_LITERAL_CONVERSION = YES;
				CLANG_WARN_OBJC_ROOT_CLASS = YES_ERROR;
				CLANG_WARN_RANGE_LOOP_ANALYSIS = YES;
				CLANG_WARN_STRICT_PROTOTYPES = YES;
				CLANG_WARN_SUSPICIOUS_MOVE = YES;
				CLANG_WARN_UNGUARDED_AVAILABILITY = YES_AGGRESSIVE;
				CLANG_WARN_UNREACHABLE_CODE = YES;
				CLANG_WARN__DUPLICATE_METHOD_MATCH = YES;
				CODE_SIGN_IDENTITY = "iPhone Developer";
				COPY_PHASE_STRIP = NO;
				DEBUG_INFORMATION_FORMAT = "dwarf-with-dsym";
				ENABLE_NS_ASSERTIONS = NO;
				ENABLE_STRICT_OBJC_MSGSEND = YES;
				GCC_C_LANGUAGE_STANDARD = gnu11;
				GCC_NO_COMMON_BLOCKS = YES;
				GCC_WARN_64_TO_32_BIT_CONVERSION = YES;
				GCC_WARN_ABOUT_RETURN_TYPE = YES_ERROR;
				GCC_WARN_UNDECLARED_SELECTOR = YES;
				GCC_WARN_UNINITIALIZED_AUTOS = YES_AGGRESSIVE;
				GCC_WARN_UNUSED_FUNCTION = YES;
				GCC_WARN_UNUSED_VARIABLE = YES;
				IPHONEOS_DEPLOYMENT_TARGET = 11.4;
				MTL_ENABLE_DEBUG_INFO = NO;
				SDKROOT = iphoneos;
				SWIFT_COMPILATION_MODE = wholemodule;
				SWIFT_OPTIMIZATION_LEVEL = "-O";
				VALIDATE_PRODUCT = YES;
			};
			name = Release;
		};
		3FAF05F320F9082A0003FA2F /* Debug */ = {
			isa = XCBuildConfiguration;
			buildSettings = {
				ASSETCATALOG_COMPILER_APPICON_NAME = AppIcon;
				CODE_SIGN_STYLE = Automatic;
				INFOPLIST_FILE = "2048 Norm/Info.plist";
				LD_RUNPATH_SEARCH_PATHS = (
					"$(inherited)",
					"@executable_path/Frameworks",
				);
				PRODUCT_BUNDLE_IDENTIFIER = "RW.-048-Norm";
				PRODUCT_NAME = "$(TARGET_NAME)";
				SWIFT_VERSION = 4.0;
				TARGETED_DEVICE_FAMILY = "1,2";
			};
			name = Debug;
		};
		3FAF05F420F9082A0003FA2F /* Release */ = {
			isa = XCBuildConfiguration;
			buildSettings = {
				ASSETCATALOG_COMPILER_APPICON_NAME = AppIcon;
				CODE_SIGN_STYLE = Automatic;
				INFOPLIST_FILE = "2048 Norm/Info.plist";
				LD_RUNPATH_SEARCH_PATHS = (
					"$(inherited)",
					"@executable_path/Frameworks",
				);
				PRODUCT_BUNDLE_IDENTIFIER = "RW.-048-Norm";
				PRODUCT_NAME = "$(TARGET_NAME)";
				SWIFT_VERSION = 4.0;
				TARGETED_DEVICE_FAMILY = "1,2";
			};
			name = Release;
		};
/* End XCBuildConfiguration section */

/* Begin XCConfigurationList section */
		3FAF05DB20F908230003FA2F /* Build configuration list for PBXProject "2048 Norm" */ = {
			isa = XCConfigurationList;
			buildConfigurations = (
				3FAF05F020F9082A0003FA2F /* Debug */,
				3FAF05F120F9082A0003FA2F /* Release */,
			);
			defaultConfigurationIsVisible = 0;
			defaultConfigurationName = Release;
		};
		3FAF05F220F9082A0003FA2F /* Build configuration list for PBXNativeTarget "2048 Norm" */ = {
			isa = XCConfigurationList;
			buildConfigurations = (
				3FAF05F320F9082A0003FA2F /* Debug */,
				3FAF05F420F9082A0003FA2F /* Release */,
			);
			defaultConfigurationIsVisible = 0;
			defaultConfigurationName = Release;
		};
/* End XCConfigurationList section */
	};
	rootObject = 3FAF05D820F908230003FA2F /* Project object */;
}
